// !$*UTF8*$!
{
	archiveVersion = 1;
	classes = {
	};
	objectVersion = 55;
	objects = {

/* Begin PBXBuildFile section */
		CD03DB79287315FB00ABBC60 /* VDistanceSliderView.swift in Sources */ = {isa = PBXBuildFile; fileRef = CD03DB78287315FB00ABBC60 /* VDistanceSliderView.swift */; };
		CD03DB7B287317C300ABBC60 /* HDistanceSliderView.swift in Sources */ = {isa = PBXBuildFile; fileRef = CD03DB7A287317C300ABBC60 /* HDistanceSliderView.swift */; };
		CD03DB7D28732AF900ABBC60 /* HDistanceSliderButtonView.swift in Sources */ = {isa = PBXBuildFile; fileRef = CD03DB7C28732AF900ABBC60 /* HDistanceSliderButtonView.swift */; };
		CD03DB7F28732D2B00ABBC60 /* VDistanceSliderButtonView.swift in Sources */ = {isa = PBXBuildFile; fileRef = CD03DB7E28732D2B00ABBC60 /* VDistanceSliderButtonView.swift */; };
		CD2EC3E228856FCF00DA3D07 /* LaunchScreen.swift in Sources */ = {isa = PBXBuildFile; fileRef = CD2EC3E128856FCF00DA3D07 /* LaunchScreen.swift */; };
		CDA0E5E32870200600713C7A /* MapListApp.swift in Sources */ = {isa = PBXBuildFile; fileRef = CDA0E5E22870200600713C7A /* MapListApp.swift */; };
		CDA0E5E52870200600713C7A /* ContentView.swift in Sources */ = {isa = PBXBuildFile; fileRef = CDA0E5E42870200600713C7A /* ContentView.swift */; };
		CDA0E5E72870200700713C7A /* Assets.xcassets in Resources */ = {isa = PBXBuildFile; fileRef = CDA0E5E62870200700713C7A /* Assets.xcassets */; };
		CDA0E5EA2870200700713C7A /* Preview Assets.xcassets in Resources */ = {isa = PBXBuildFile; fileRef = CDA0E5E92870200700713C7A /* Preview Assets.xcassets */; };
		CDA0E5F1287025F200713C7A /* MyScreen.swift in Sources */ = {isa = PBXBuildFile; fileRef = CDA0E5F0287025F200713C7A /* MyScreen.swift */; };
		CDA0E5F32870272900713C7A /* Cadet.swift in Sources */ = {isa = PBXBuildFile; fileRef = CDA0E5F22870272900713C7A /* Cadet.swift */; };
		CDA0E5F928714FBE00713C7A /* MapView.swift in Sources */ = {isa = PBXBuildFile; fileRef = CDA0E5F828714FBE00713C7A /* MapView.swift */; };
		CDA0E5FB2871543000713C7A /* ModelData.swift in Sources */ = {isa = PBXBuildFile; fileRef = CDA0E5FA2871543000713C7A /* ModelData.swift */; };
		CDA1EC5828748B130001C43E /* LocationManager.swift in Sources */ = {isa = PBXBuildFile; fileRef = CDA1EC5728748B120001C43E /* LocationManager.swift */; };
		CDA1EC5B28749CC60001C43E /* User.swift in Sources */ = {isa = PBXBuildFile; fileRef = CDA1EC5A28749CC60001C43E /* User.swift */; };
		CDC449D8288C31D100EED436 /* ListLow.swift in Sources */ = {isa = PBXBuildFile; fileRef = CDC449D7288C31D100EED436 /* ListLow.swift */; };
/* End PBXBuildFile section */

/* Begin PBXFileReference section */
		CD03DB78287315FB00ABBC60 /* VDistanceSliderView.swift */ = {isa = PBXFileReference; lastKnownFileType = sourcecode.swift; path = VDistanceSliderView.swift; sourceTree = "<group>"; };
		CD03DB7A287317C300ABBC60 /* HDistanceSliderView.swift */ = {isa = PBXFileReference; lastKnownFileType = sourcecode.swift; path = HDistanceSliderView.swift; sourceTree = "<group>"; };
		CD03DB7C28732AF900ABBC60 /* HDistanceSliderButtonView.swift */ = {isa = PBXFileReference; lastKnownFileType = sourcecode.swift; path = HDistanceSliderButtonView.swift; sourceTree = "<group>"; };
		CD03DB7E28732D2B00ABBC60 /* VDistanceSliderButtonView.swift */ = {isa = PBXFileReference; lastKnownFileType = sourcecode.swift; path = VDistanceSliderButtonView.swift; sourceTree = "<group>"; };
		CD2EC3E128856FCF00DA3D07 /* LaunchScreen.swift */ = {isa = PBXFileReference; lastKnownFileType = sourcecode.swift; path = LaunchScreen.swift; sourceTree = "<group>"; };
		CDA0E5DF2870200600713C7A /* MapList.app */ = {isa = PBXFileReference; explicitFileType = wrapper.application; includeInIndex = 0; path = MapList.app; sourceTree = BUILT_PRODUCTS_DIR; };
		CDA0E5E22870200600713C7A /* MapListApp.swift */ = {isa = PBXFileReference; lastKnownFileType = sourcecode.swift; path = MapListApp.swift; sourceTree = "<group>"; };
		CDA0E5E42870200600713C7A /* ContentView.swift */ = {isa = PBXFileReference; lastKnownFileType = sourcecode.swift; path = ContentView.swift; sourceTree = "<group>"; };
		CDA0E5E62870200700713C7A /* Assets.xcassets */ = {isa = PBXFileReference; lastKnownFileType = folder.assetcatalog; path = Assets.xcassets; sourceTree = "<group>"; };
		CDA0E5E92870200700713C7A /* Preview Assets.xcassets */ = {isa = PBXFileReference; lastKnownFileType = folder.assetcatalog; path = "Preview Assets.xcassets"; sourceTree = "<group>"; };
		CDA0E5F0287025F200713C7A /* MyScreen.swift */ = {isa = PBXFileReference; lastKnownFileType = sourcecode.swift; path = MyScreen.swift; sourceTree = "<group>"; };
		CDA0E5F22870272900713C7A /* Cadet.swift */ = {isa = PBXFileReference; lastKnownFileType = sourcecode.swift; path = Cadet.swift; sourceTree = "<group>"; };
		CDA0E5F828714FBE00713C7A /* MapView.swift */ = {isa = PBXFileReference; lastKnownFileType = sourcecode.swift; path = MapView.swift; sourceTree = "<group>"; };
		CDA0E5FA2871543000713C7A /* ModelData.swift */ = {isa = PBXFileReference; lastKnownFileType = sourcecode.swift; path = ModelData.swift; sourceTree = "<group>"; };
		CDA1EC5728748B120001C43E /* LocationManager.swift */ = {isa = PBXFileReference; lastKnownFileType = sourcecode.swift; path = LocationManager.swift; sourceTree = "<group>"; };
		CDA1EC59287495D20001C43E /* Gaepo.gpx */ = {isa = PBXFileReference; lastKnownFileType = text.xml; path = Gaepo.gpx; sourceTree = "<group>"; };
		CDA1EC5A28749CC60001C43E /* User.swift */ = {isa = PBXFileReference; lastKnownFileType = sourcecode.swift; path = User.swift; sourceTree = "<group>"; };
		CDC449D7288C31D100EED436 /* ListLow.swift */ = {isa = PBXFileReference; lastKnownFileType = sourcecode.swift; path = ListLow.swift; sourceTree = "<group>"; };
/* End PBXFileReference section */

/* Begin PBXFrameworksBuildPhase section */
		CDA0E5DC2870200600713C7A /* Frameworks */ = {
			isa = PBXFrameworksBuildPhase;
			buildActionMask = 2147483647;
			files = (
			);
			runOnlyForDeploymentPostprocessing = 0;
		};
/* End PBXFrameworksBuildPhase section */

/* Begin PBXGroup section */
		CD03DB8028732E6C00ABBC60 /* DistanceSlider */ = {
			isa = PBXGroup;
			children = (
				CD03DB78287315FB00ABBC60 /* VDistanceSliderView.swift */,
				CD03DB7E28732D2B00ABBC60 /* VDistanceSliderButtonView.swift */,
				CD03DB7A287317C300ABBC60 /* HDistanceSliderView.swift */,
				CD03DB7C28732AF900ABBC60 /* HDistanceSliderButtonView.swift */,
			);
			path = DistanceSlider;
			sourceTree = "<group>";
		};
		CDA0E5D62870200600713C7A = {
			isa = PBXGroup;
			children = (
				CDA1EC59287495D20001C43E /* Gaepo.gpx */,
				CDA0E5E12870200600713C7A /* MapList */,
				CDA0E5E02870200600713C7A /* Products */,
			);
			sourceTree = "<group>";
		};
		CDA0E5E02870200600713C7A /* Products */ = {
			isa = PBXGroup;
			children = (
				CDA0E5DF2870200600713C7A /* MapList.app */,
			);
			name = Products;
			sourceTree = "<group>";
		};
		CDA0E5E12870200600713C7A /* MapList */ = {
			isa = PBXGroup;
			children = (
				CDA0E5E22870200600713C7A /* MapListApp.swift */,
				CDA0E5E42870200600713C7A /* ContentView.swift */,
				CDA0E5F728713E1300713C7A /* Model */,
				CDA0E5F628713E0100713C7A /* View */,
				CDA0E5E62870200700713C7A /* Assets.xcassets */,
				CDA0E5E82870200700713C7A /* Preview Content */,
			);
			path = MapList;
			sourceTree = "<group>";
		};
		CDA0E5E82870200700713C7A /* Preview Content */ = {
			isa = PBXGroup;
			children = (
				CDA0E5E92870200700713C7A /* Preview Assets.xcassets */,
			);
			path = "Preview Content";
			sourceTree = "<group>";
		};
		CDA0E5F628713E0100713C7A /* View */ = {
			isa = PBXGroup;
			children = (
				CDC449D7288C31D100EED436 /* ListLow.swift */,
				CD2EC3E128856FCF00DA3D07 /* LaunchScreen.swift */,
				CDA0E5F0287025F200713C7A /* MyScreen.swift */,
				CDA0E5F828714FBE00713C7A /* MapView.swift */,
				CD03DB8028732E6C00ABBC60 /* DistanceSlider */,
			);
			path = View;
			sourceTree = "<group>";
		};
		CDA0E5F728713E1300713C7A /* Model */ = {
			isa = PBXGroup;
			children = (
				CDA0E5F22870272900713C7A /* Cadet.swift */,
				CDA0E5FA2871543000713C7A /* ModelData.swift */,
				CDA1EC5A28749CC60001C43E /* User.swift */,
				CDA1EC5728748B120001C43E /* LocationManager.swift */,
			);
			path = Model;
			sourceTree = "<group>";
		};
/* End PBXGroup section */

/* Begin PBXNativeTarget section */
		CDA0E5DE2870200600713C7A /* MapList */ = {
			isa = PBXNativeTarget;
			buildConfigurationList = CDA0E5ED2870200700713C7A /* Build configuration list for PBXNativeTarget "MapList" */;
			buildPhases = (
				CDA0E5DB2870200600713C7A /* Sources */,
				CDA0E5DC2870200600713C7A /* Frameworks */,
				CDA0E5DD2870200600713C7A /* Resources */,
			);
			buildRules = (
			);
			dependencies = (
			);
			name = MapList;
			productName = MapList;
			productReference = CDA0E5DF2870200600713C7A /* MapList.app */;
			productType = "com.apple.product-type.application";
		};
/* End PBXNativeTarget section */

/* Begin PBXProject section */
		CDA0E5D72870200600713C7A /* Project object */ = {
			isa = PBXProject;
			attributes = {
				BuildIndependentTargetsInParallel = 1;
				LastSwiftUpdateCheck = 1320;
				LastUpgradeCheck = 1320;
				TargetAttributes = {
					CDA0E5DE2870200600713C7A = {
						CreatedOnToolsVersion = 13.2.1;
					};
				};
			};
			buildConfigurationList = CDA0E5DA2870200600713C7A /* Build configuration list for PBXProject "MapList" */;
			compatibilityVersion = "Xcode 13.0";
			developmentRegion = en;
			hasScannedForEncodings = 0;
			knownRegions = (
				en,
				Base,
			);
			mainGroup = CDA0E5D62870200600713C7A;
			productRefGroup = CDA0E5E02870200600713C7A /* Products */;
			projectDirPath = "";
			projectRoot = "";
			targets = (
				CDA0E5DE2870200600713C7A /* MapList */,
			);
		};
/* End PBXProject section */

/* Begin PBXResourcesBuildPhase section */
		CDA0E5DD2870200600713C7A /* Resources */ = {
			isa = PBXResourcesBuildPhase;
			buildActionMask = 2147483647;
			files = (
				CDA0E5EA2870200700713C7A /* Preview Assets.xcassets in Resources */,
				CDA0E5E72870200700713C7A /* Assets.xcassets in Resources */,
			);
			runOnlyForDeploymentPostprocessing = 0;
		};
/* End PBXResourcesBuildPhase section */

/* Begin PBXSourcesBuildPhase section */
		CDA0E5DB2870200600713C7A /* Sources */ = {
			isa = PBXSourcesBuildPhase;
			buildActionMask = 2147483647;
			files = (
				CD2EC3E228856FCF00DA3D07 /* LaunchScreen.swift in Sources */,
				CDA1EC5B28749CC60001C43E /* User.swift in Sources */,
				CDC449D8288C31D100EED436 /* ListLow.swift in Sources */,
				CDA0E5E52870200600713C7A /* ContentView.swift in Sources */,
				CDA0E5F1287025F200713C7A /* MyScreen.swift in Sources */,
				CDA0E5F928714FBE00713C7A /* MapView.swift in Sources */,
				CD03DB7B287317C300ABBC60 /* HDistanceSliderView.swift in Sources */,
				CDA0E5E32870200600713C7A /* MapListApp.swift in Sources */,
				CD03DB7D28732AF900ABBC60 /* HDistanceSliderButtonView.swift in Sources */,
				CD03DB7F28732D2B00ABBC60 /* VDistanceSliderButtonView.swift in Sources */,
				CD03DB79287315FB00ABBC60 /* VDistanceSliderView.swift in Sources */,
				CDA1EC5828748B130001C43E /* LocationManager.swift in Sources */,
				CDA0E5F32870272900713C7A /* Cadet.swift in Sources */,
				CDA0E5FB2871543000713C7A /* ModelData.swift in Sources */,
			);
			runOnlyForDeploymentPostprocessing = 0;
		};
/* End PBXSourcesBuildPhase section */

/* Begin XCBuildConfiguration section */
		CDA0E5EB2870200700713C7A /* Debug */ = {
			isa = XCBuildConfiguration;
			buildSettings = {
				ALWAYS_SEARCH_USER_PATHS = NO;
				CLANG_ANALYZER_NONNULL = YES;
				CLANG_ANALYZER_NUMBER_OBJECT_CONVERSION = YES_AGGRESSIVE;
				CLANG_CXX_LANGUAGE_STANDARD = "gnu++17";
				CLANG_CXX_LIBRARY = "libc++";
				CLANG_ENABLE_MODULES = YES;
				CLANG_ENABLE_OBJC_ARC = YES;
				CLANG_ENABLE_OBJC_WEAK = YES;
				CLANG_WARN_BLOCK_CAPTURE_AUTORELEASING = YES;
				CLANG_WARN_BOOL_CONVERSION = YES;
				CLANG_WARN_COMMA = YES;
				CLANG_WARN_CONSTANT_CONVERSION = YES;
				CLANG_WARN_DEPRECATED_OBJC_IMPLEMENTATIONS = YES;
				CLANG_WARN_DIRECT_OBJC_ISA_USAGE = YES_ERROR;
				CLANG_WARN_DOCUMENTATION_COMMENTS = YES;
				CLANG_WARN_EMPTY_BODY = YES;
				CLANG_WARN_ENUM_CONVERSION = YES;
				CLANG_WARN_INFINITE_RECURSION = YES;
				CLANG_WARN_INT_CONVERSION = YES;
				CLANG_WARN_NON_LITERAL_NULL_CONVERSION = YES;
				CLANG_WARN_OBJC_IMPLICIT_RETAIN_SELF = YES;
				CLANG_WARN_OBJC_LITERAL_CONVERSION = YES;
				CLANG_WARN_OBJC_ROOT_CLASS = YES_ERROR;
				CLANG_WARN_QUOTED_INCLUDE_IN_FRAMEWORK_HEADER = YES;
				CLANG_WARN_RANGE_LOOP_ANALYSIS = YES;
				CLANG_WARN_STRICT_PROTOTYPES = YES;
				CLANG_WARN_SUSPICIOUS_MOVE = YES;
				CLANG_WARN_UNGUARDED_AVAILABILITY = YES_AGGRESSIVE;
				CLANG_WARN_UNREACHABLE_CODE = YES;
				CLANG_WARN__DUPLICATE_METHOD_MATCH = YES;
				COPY_PHASE_STRIP = NO;
				DEBUG_INFORMATION_FORMAT = dwarf;
				ENABLE_STRICT_OBJC_MSGSEND = YES;
				ENABLE_TESTABILITY = YES;
				GCC_C_LANGUAGE_STANDARD = gnu11;
				GCC_DYNAMIC_NO_PIC = NO;
				GCC_NO_COMMON_BLOCKS = YES;
				GCC_OPTIMIZATION_LEVEL = 0;
				GCC_PREPROCESSOR_DEFINITIONS = (
					"DEBUG=1",
					"$(inherited)",
				);
				GCC_WARN_64_TO_32_BIT_CONVERSION = YES;
				GCC_WARN_ABOUT_RETURN_TYPE = YES_ERROR;
				GCC_WARN_UNDECLARED_SELECTOR = YES;
				GCC_WARN_UNINITIALIZED_AUTOS = YES_AGGRESSIVE;
				GCC_WARN_UNUSED_FUNCTION = YES;
				GCC_WARN_UNUSED_VARIABLE = YES;
				IPHONEOS_DEPLOYMENT_TARGET = 15.2;
				MTL_ENABLE_DEBUG_INFO = INCLUDE_SOURCE;
				MTL_FAST_MATH = YES;
				ONLY_ACTIVE_ARCH = YES;
				SDKROOT = iphoneos;
				SWIFT_ACTIVE_COMPILATION_CONDITIONS = DEBUG;
				SWIFT_OPTIMIZATION_LEVEL = "-Onone";
			};
			name = Debug;
		};
		CDA0E5EC2870200700713C7A /* Release */ = {
			isa = XCBuildConfiguration;
			buildSettings = {
				ALWAYS_SEARCH_USER_PATHS = NO;
				CLANG_ANALYZER_NONNULL = YES;
				CLANG_ANALYZER_NUMBER_OBJECT_CONVERSION = YES_AGGRESSIVE;
				CLANG_CXX_LANGUAGE_STANDARD = "gnu++17";
				CLANG_CXX_LIBRARY = "libc++";
				CLANG_ENABLE_MODULES = YES;
				CLANG_ENABLE_OBJC_ARC = YES;
				CLANG_ENABLE_OBJC_WEAK = YES;
				CLANG_WARN_BLOCK_CAPTURE_AUTORELEASING = YES;
				CLANG_WARN_BOOL_CONVERSION = YES;
				CLANG_WARN_COMMA = YES;
				CLANG_WARN_CONSTANT_CONVERSION = YES;
				CLANG_WARN_DEPRECATED_OBJC_IMPLEMENTATIONS = YES;
				CLANG_WARN_DIRECT_OBJC_ISA_USAGE = YES_ERROR;
				CLANG_WARN_DOCUMENTATION_COMMENTS = YES;
				CLANG_WARN_EMPTY_BODY = YES;
				CLANG_WARN_ENUM_CONVERSION = YES;
				CLANG_WARN_INFINITE_RECURSION = YES;
				CLANG_WARN_INT_CONVERSION = YES;
				CLANG_WARN_NON_LITERAL_NULL_CONVERSION = YES;
				CLANG_WARN_OBJC_IMPLICIT_RETAIN_SELF = YES;
				CLANG_WARN_OBJC_LITERAL_CONVERSION = YES;
				CLANG_WARN_OBJC_ROOT_CLASS = YES_ERROR;
				CLANG_WARN_QUOTED_INCLUDE_IN_FRAMEWORK_HEADER = YES;
				CLANG_WARN_RANGE_LOOP_ANALYSIS = YES;
				CLANG_WARN_STRICT_PROTOTYPES = YES;
				CLANG_WARN_SUSPICIOUS_MOVE = YES;
				CLANG_WARN_UNGUARDED_AVAILABILITY = YES_AGGRESSIVE;
				CLANG_WARN_UNREACHABLE_CODE = YES;
				CLANG_WARN__DUPLICATE_METHOD_MATCH = YES;
				COPY_PHASE_STRIP = NO;
				DEBUG_INFORMATION_FORMAT = "dwarf-with-dsym";
				ENABLE_NS_ASSERTIONS = NO;
				ENABLE_STRICT_OBJC_MSGSEND = YES;
				GCC_C_LANGUAGE_STANDARD = gnu11;
				GCC_NO_COMMON_BLOCKS = YES;
				GCC_WARN_64_TO_32_BIT_CONVERSION = YES;
				GCC_WARN_ABOUT_RETURN_TYPE = YES_ERROR;
				GCC_WARN_UNDECLARED_SELECTOR = YES;
				GCC_WARN_UNINITIALIZED_AUTOS = YES_AGGRESSIVE;
				GCC_WARN_UNUSED_FUNCTION = YES;
				GCC_WARN_UNUSED_VARIABLE = YES;
				IPHONEOS_DEPLOYMENT_TARGET = 15.2;
				MTL_ENABLE_DEBUG_INFO = NO;
				MTL_FAST_MATH = YES;
				SDKROOT = iphoneos;
				SWIFT_COMPILATION_MODE = wholemodule;
				SWIFT_OPTIMIZATION_LEVEL = "-O";
				VALIDATE_PRODUCT = YES;
			};
			name = Release;
		};
		CDA0E5EE2870200700713C7A /* Debug */ = {
			isa = XCBuildConfiguration;
			buildSettings = {
				ASSETCATALOG_COMPILER_APPICON_NAME = AppIcon;
				ASSETCATALOG_COMPILER_GLOBAL_ACCENT_COLOR_NAME = AccentColor;
				CODE_SIGN_STYLE = Automatic;
				CURRENT_PROJECT_VERSION = 1;
				DEVELOPMENT_ASSET_PATHS = "\"MapList/Preview Content\"";
				DEVELOPMENT_TEAM = CQZ4VJH454;
				ENABLE_PREVIEWS = YES;
				GENERATE_INFOPLIST_FILE = YES;
				INFOPLIST_KEY_NSLocationWhenInUseUsageDescription = "we need to location";
				INFOPLIST_KEY_UIApplicationSceneManifest_Generation = YES;
				INFOPLIST_KEY_UIApplicationSupportsIndirectInputEvents = YES;
				INFOPLIST_KEY_UILaunchScreen_Generation = YES;
				INFOPLIST_KEY_UISupportedInterfaceOrientations_iPad = "UIInterfaceOrientationPortrait UIInterfaceOrientationPortraitUpsideDown UIInterfaceOrientationLandscapeLeft UIInterfaceOrientationLandscapeRight";
				INFOPLIST_KEY_UISupportedInterfaceOrientations_iPhone = "UIInterfaceOrientationPortrait UIInterfaceOrientationLandscapeLeft UIInterfaceOrientationLandscapeRight";
				LD_RUNPATH_SEARCH_PATHS = (
					"$(inherited)",
					"@executable_path/Frameworks",
				);
				MARKETING_VERSION = 1.0;
				PRODUCT_BUNDLE_IDENTIFIER = com.MapList;
				PRODUCT_NAME = "$(TARGET_NAME)";
				SWIFT_EMIT_LOC_STRINGS = YES;
				SWIFT_VERSION = 5.0;
				TARGETED_DEVICE_FAMILY = "1,2";
			};
			name = Debug;
		};
		CDA0E5EF2870200700713C7A /* Release */ = {
			isa = XCBuildConfiguration;
			buildSettings = {
				ASSETCATALOG_COMPILER_APPICON_NAME = AppIcon;
				ASSETCATALOG_COMPILER_GLOBAL_ACCENT_COLOR_NAME = AccentColor;
				CODE_SIGN_STYLE = Automatic;
				CURRENT_PROJECT_VERSION = 1;
				DEVELOPMENT_ASSET_PATHS = "\"MapList/Preview Content\"";
				DEVELOPMENT_TEAM = CQZ4VJH454;
				ENABLE_PREVIEWS = YES;
				GENERATE_INFOPLIST_FILE = YES;
				INFOPLIST_KEY_NSLocationWhenInUseUsageDescription = "we need to location";
				INFOPLIST_KEY_UIApplicationSceneManifest_Generation = YES;
				INFOPLIST_KEY_UIApplicationSupportsIndirectInputEvents = YES;
				INFOPLIST_KEY_UILaunchScreen_Generation = YES;
				INFOPLIST_KEY_UISupportedInterfaceOrientations_iPad = "UIInterfaceOrientationPortrait UIInterfaceOrientationPortraitUpsideDown UIInterfaceOrientationLandscapeLeft UIInterfaceOrientationLandscapeRight";
				INFOPLIST_KEY_UISupportedInterfaceOrientations_iPhone = "UIInterfaceOrientationPortrait UIInterfaceOrientationLandscapeLeft UIInterfaceOrientationLandscapeRight";
				LD_RUNPATH_SEARCH_PATHS = (
					"$(inherited)",
					"@executable_path/Frameworks",
				);
				MARKETING_VERSION = 1.0;
				PRODUCT_BUNDLE_IDENTIFIER = com.MapList;
				PRODUCT_NAME = "$(TARGET_NAME)";
				SWIFT_EMIT_LOC_STRINGS = YES;
				SWIFT_VERSION = 5.0;
				TARGETED_DEVICE_FAMILY = "1,2";
			};
			name = Release;
		};
/* End XCBuildConfiguration section */

/* Begin XCConfigurationList section */
		CDA0E5DA2870200600713C7A /* Build configuration list for PBXProject "MapList" */ = {
			isa = XCConfigurationList;
			buildConfigurations = (
				CDA0E5EB2870200700713C7A /* Debug */,
				CDA0E5EC2870200700713C7A /* Release */,
			);
			defaultConfigurationIsVisible = 0;
			defaultConfigurationName = Release;
		};
		CDA0E5ED2870200700713C7A /* Build configuration list for PBXNativeTarget "MapList" */ = {
			isa = XCConfigurationList;
			buildConfigurations = (
				CDA0E5EE2870200700713C7A /* Debug */,
				CDA0E5EF2870200700713C7A /* Release */,
			);
			defaultConfigurationIsVisible = 0;
			defaultConfigurationName = Release;
		};
/* End XCConfigurationList section */
	};
	rootObject = CDA0E5D72870200600713C7A /* Project object */;
}
